// !$*UTF8*$!
{
	archiveVersion = 1;
	classes = {
	};
	objectVersion = 50;
	objects = {

/* Begin PBXBuildFile section */
		F26502242685985D00383C63 /* XingAPIMobile.framework in Frameworks */ = {isa = PBXBuildFile; fileRef = F2650217268596CF00383C63 /* XingAPIMobile.framework */; };
		F26502252685985D00383C63 /* XingAPIMobile.framework in Embed Frameworks */ = {isa = PBXBuildFile; fileRef = F2650217268596CF00383C63 /* XingAPIMobile.framework */; settings = {ATTRIBUTES = (CodeSignOnCopy, RemoveHeadersOnCopy, ); }; };
		F2650228268598DA00383C63 /* XingViewModel.swift in Sources */ = {isa = PBXBuildFile; fileRef = F2650227268598DA00383C63 /* XingViewModel.swift */; };
		F265022A26859AC700383C63 /* XingService.swift in Sources */ = {isa = PBXBuildFile; fileRef = F265022926859AC700383C63 /* XingService.swift */; };
		F265022C26859AE200383C63 /* XingDataFetcher.swift in Sources */ = {isa = PBXBuildFile; fileRef = F265022B26859AE200383C63 /* XingDataFetcher.swift */; };
		F265022E2685A22000383C63 /* Model.swift in Sources */ = {isa = PBXBuildFile; fileRef = F265022D2685A22000383C63 /* Model.swift */; };
		F28CAD5426840CFC00A5C0BA /* MVVM_MTSApp.swift in Sources */ = {isa = PBXBuildFile; fileRef = F28CAD5326840CFC00A5C0BA /* MVVM_MTSApp.swift */; };
		F28CAD5626840CFC00A5C0BA /* ContentView.swift in Sources */ = {isa = PBXBuildFile; fileRef = F28CAD5526840CFC00A5C0BA /* ContentView.swift */; };
		F28CAD5826840CFD00A5C0BA /* Assets.xcassets in Resources */ = {isa = PBXBuildFile; fileRef = F28CAD5726840CFD00A5C0BA /* Assets.xcassets */; };
		F28CAD5B26840CFD00A5C0BA /* Preview Assets.xcassets in Resources */ = {isa = PBXBuildFile; fileRef = F28CAD5A26840CFD00A5C0BA /* Preview Assets.xcassets */; };
/* End PBXBuildFile section */

/* Begin PBXCopyFilesBuildPhase section */
		F26502262685985D00383C63 /* Embed Frameworks */ = {
			isa = PBXCopyFilesBuildPhase;
			buildActionMask = 2147483647;
			dstPath = "";
			dstSubfolderSpec = 10;
			files = (
				F26502252685985D00383C63 /* XingAPIMobile.framework in Embed Frameworks */,
			);
			name = "Embed Frameworks";
			runOnlyForDeploymentPostprocessing = 0;
		};
/* End PBXCopyFilesBuildPhase section */

/* Begin PBXFileReference section */
		F2650217268596CF00383C63 /* XingAPIMobile.framework */ = {isa = PBXFileReference; lastKnownFileType = wrapper.framework; path = XingAPIMobile.framework; sourceTree = "<group>"; };
		F26502222685981A00383C63 /* XingAPIMobile.framework */ = {isa = PBXFileReference; lastKnownFileType = wrapper.framework; path = XingAPIMobile.framework; sourceTree = "<group>"; };
		F2650227268598DA00383C63 /* XingViewModel.swift */ = {isa = PBXFileReference; lastKnownFileType = sourcecode.swift; path = XingViewModel.swift; sourceTree = "<group>"; };
		F265022926859AC700383C63 /* XingService.swift */ = {isa = PBXFileReference; lastKnownFileType = sourcecode.swift; path = XingService.swift; sourceTree = "<group>"; };
		F265022B26859AE200383C63 /* XingDataFetcher.swift */ = {isa = PBXFileReference; lastKnownFileType = sourcecode.swift; path = XingDataFetcher.swift; sourceTree = "<group>"; };
		F265022D2685A22000383C63 /* Model.swift */ = {isa = PBXFileReference; lastKnownFileType = sourcecode.swift; path = Model.swift; sourceTree = "<group>"; };
		F28CAD5026840CFC00A5C0BA /* MVVM_MTS.app */ = {isa = PBXFileReference; explicitFileType = wrapper.application; includeInIndex = 0; path = MVVM_MTS.app; sourceTree = BUILT_PRODUCTS_DIR; };
		F28CAD5326840CFC00A5C0BA /* MVVM_MTSApp.swift */ = {isa = PBXFileReference; lastKnownFileType = sourcecode.swift; path = MVVM_MTSApp.swift; sourceTree = "<group>"; };
		F28CAD5526840CFC00A5C0BA /* ContentView.swift */ = {isa = PBXFileReference; lastKnownFileType = sourcecode.swift; path = ContentView.swift; sourceTree = "<group>"; };
		F28CAD5726840CFD00A5C0BA /* Assets.xcassets */ = {isa = PBXFileReference; lastKnownFileType = folder.assetcatalog; path = Assets.xcassets; sourceTree = "<group>"; };
		F28CAD5A26840CFD00A5C0BA /* Preview Assets.xcassets */ = {isa = PBXFileReference; lastKnownFileType = folder.assetcatalog; path = "Preview Assets.xcassets"; sourceTree = "<group>"; };
		F28CAD5C26840CFD00A5C0BA /* Info.plist */ = {isa = PBXFileReference; lastKnownFileType = text.plist.xml; path = Info.plist; sourceTree = "<group>"; };
/* End PBXFileReference section */

/* Begin PBXFrameworksBuildPhase section */
		F28CAD4D26840CFC00A5C0BA /* Frameworks */ = {
			isa = PBXFrameworksBuildPhase;
			buildActionMask = 2147483647;
			files = (
				F26502242685985D00383C63 /* XingAPIMobile.framework in Frameworks */,
			);
			runOnlyForDeploymentPostprocessing = 0;
		};
/* End PBXFrameworksBuildPhase section */

/* Begin PBXGroup section */
		F2650214268596CF00383C63 /* Library */ = {
			isa = PBXGroup;
			children = (
				F2650215268596CF00383C63 /* XingAPI */,
			);
			path = Library;
			sourceTree = "<group>";
		};
		F2650215268596CF00383C63 /* XingAPI */ = {
			isa = PBXGroup;
			children = (
				F2650216268596CF00383C63 /* Simulator */,
				F2650218268596CF00383C63 /* iPhone */,
			);
			path = XingAPI;
			sourceTree = "<group>";
		};
		F2650216268596CF00383C63 /* Simulator */ = {
			isa = PBXGroup;
			children = (
				F2650217268596CF00383C63 /* XingAPIMobile.framework */,
			);
			path = Simulator;
			sourceTree = "<group>";
		};
		F2650218268596CF00383C63 /* iPhone */ = {
			isa = PBXGroup;
			children = (
				F26502222685981A00383C63 /* XingAPIMobile.framework */,
			);
			path = iPhone;
			sourceTree = "<group>";
		};
		F28CAD4726840CFC00A5C0BA = {
			isa = PBXGroup;
			children = (
				F28CAD5226840CFC00A5C0BA /* MVVM_MTS */,
				F28CAD5126840CFC00A5C0BA /* Products */,
			);
			sourceTree = "<group>";
		};
		F28CAD5126840CFC00A5C0BA /* Products */ = {
			isa = PBXGroup;
			children = (
				F28CAD5026840CFC00A5C0BA /* MVVM_MTS.app */,
			);
			name = Products;
			sourceTree = "<group>";
		};
		F28CAD5226840CFC00A5C0BA /* MVVM_MTS */ = {
			isa = PBXGroup;
			children = (
				F28CAD5326840CFC00A5C0BA /* MVVM_MTSApp.swift */,
				F28CAD5526840CFC00A5C0BA /* ContentView.swift */,
				F2650227268598DA00383C63 /* XingViewModel.swift */,
				F265022D2685A22000383C63 /* Model.swift */,
				F265022926859AC700383C63 /* XingService.swift */,
				F265022B26859AE200383C63 /* XingDataFetcher.swift */,
				F28CAD5726840CFD00A5C0BA /* Assets.xcassets */,
				F28CAD5C26840CFD00A5C0BA /* Info.plist */,
				F2650214268596CF00383C63 /* Library */,
				F28CAD5926840CFD00A5C0BA /* Preview Content */,
			);
			path = MVVM_MTS;
			sourceTree = "<group>";
		};
		F28CAD5926840CFD00A5C0BA /* Preview Content */ = {
			isa = PBXGroup;
			children = (
				F28CAD5A26840CFD00A5C0BA /* Preview Assets.xcassets */,
			);
			path = "Preview Content";
			sourceTree = "<group>";
		};
/* End PBXGroup section */

/* Begin PBXNativeTarget section */
		F28CAD4F26840CFC00A5C0BA /* MVVM_MTS */ = {
			isa = PBXNativeTarget;
			buildConfigurationList = F28CAD5F26840CFD00A5C0BA /* Build configuration list for PBXNativeTarget "MVVM_MTS" */;
			buildPhases = (
				F28CAD4C26840CFC00A5C0BA /* Sources */,
				F28CAD4D26840CFC00A5C0BA /* Frameworks */,
				F28CAD4E26840CFC00A5C0BA /* Resources */,
				F26502262685985D00383C63 /* Embed Frameworks */,
			);
			buildRules = (
			);
			dependencies = (
			);
			name = MVVM_MTS;
			productName = MVVM_MTS;
			productReference = F28CAD5026840CFC00A5C0BA /* MVVM_MTS.app */;
			productType = "com.apple.product-type.application";
		};
/* End PBXNativeTarget section */

/* Begin PBXProject section */
		F28CAD4826840CFC00A5C0BA /* Project object */ = {
			isa = PBXProject;
			attributes = {
				LastSwiftUpdateCheck = 1250;
				LastUpgradeCheck = 1250;
				TargetAttributes = {
					F28CAD4F26840CFC00A5C0BA = {
						CreatedOnToolsVersion = 12.5;
					};
				};
			};
			buildConfigurationList = F28CAD4B26840CFC00A5C0BA /* Build configuration list for PBXProject "MVVM_MTS" */;
			compatibilityVersion = "Xcode 9.3";
			developmentRegion = en;
			hasScannedForEncodings = 0;
			knownRegions = (
				en,
				Base,
			);
			mainGroup = F28CAD4726840CFC00A5C0BA;
			productRefGroup = F28CAD5126840CFC00A5C0BA /* Products */;
			projectDirPath = "";
			projectRoot = "";
			targets = (
				F28CAD4F26840CFC00A5C0BA /* MVVM_MTS */,
			);
		};
/* End PBXProject section */

/* Begin PBXResourcesBuildPhase section */
		F28CAD4E26840CFC00A5C0BA /* Resources */ = {
			isa = PBXResourcesBuildPhase;
			buildActionMask = 2147483647;
			files = (
				F28CAD5B26840CFD00A5C0BA /* Preview Assets.xcassets in Resources */,
				F28CAD5826840CFD00A5C0BA /* Assets.xcassets in Resources */,
			);
			runOnlyForDeploymentPostprocessing = 0;
		};
/* End PBXResourcesBuildPhase section */

/* Begin PBXSourcesBuildPhase section */
		F28CAD4C26840CFC00A5C0BA /* Sources */ = {
			isa = PBXSourcesBuildPhase;
			buildActionMask = 2147483647;
			files = (
				F265022C26859AE200383C63 /* XingDataFetcher.swift in Sources */,
				F28CAD5626840CFC00A5C0BA /* ContentView.swift in Sources */,
				F28CAD5426840CFC00A5C0BA /* MVVM_MTSApp.swift in Sources */,
				F265022E2685A22000383C63 /* Model.swift in Sources */,
				F2650228268598DA00383C63 /* XingViewModel.swift in Sources */,
				F265022A26859AC700383C63 /* XingService.swift in Sources */,
			);
			runOnlyForDeploymentPostprocessing = 0;
		};
/* End PBXSourcesBuildPhase section */

/* Begin XCBuildConfiguration section */
		F28CAD5D26840CFD00A5C0BA /* Debug */ = {
			isa = XCBuildConfiguration;
			buildSettings = {
				ALWAYS_SEARCH_USER_PATHS = NO;
				CLANG_ANALYZER_NONNULL = YES;
				CLANG_ANALYZER_NUMBER_OBJECT_CONVERSION = YES_AGGRESSIVE;
				CLANG_CXX_LANGUAGE_STANDARD = "gnu++14";
				CLANG_CXX_LIBRARY = "libc++";
				CLANG_ENABLE_MODULES = YES;
				CLANG_ENABLE_OBJC_ARC = YES;
				CLANG_ENABLE_OBJC_WEAK = YES;
				CLANG_WARN_BLOCK_CAPTURE_AUTORELEASING = YES;
				CLANG_WARN_BOOL_CONVERSION = YES;
				CLANG_WARN_COMMA = YES;
				CLANG_WARN_CONSTANT_CONVERSION = YES;
				CLANG_WARN_DEPRECATED_OBJC_IMPLEMENTATIONS = YES;
				CLANG_WARN_DIRECT_OBJC_ISA_USAGE = YES_ERROR;
				CLANG_WARN_DOCUMENTATION_COMMENTS = YES;
				CLANG_WARN_EMPTY_BODY = YES;
				CLANG_WARN_ENUM_CONVERSION = YES;
				CLANG_WARN_INFINITE_RECURSION = YES;
				CLANG_WARN_INT_CONVERSION = YES;
				CLANG_WARN_NON_LITERAL_NULL_CONVERSION = YES;
				CLANG_WARN_OBJC_IMPLICIT_RETAIN_SELF = YES;
				CLANG_WARN_OBJC_LITERAL_CONVERSION = YES;
				CLANG_WARN_OBJC_ROOT_CLASS = YES_ERROR;
				CLANG_WARN_QUOTED_INCLUDE_IN_FRAMEWORK_HEADER = YES;
				CLANG_WARN_RANGE_LOOP_ANALYSIS = YES;
				CLANG_WARN_STRICT_PROTOTYPES = YES;
				CLANG_WARN_SUSPICIOUS_MOVE = YES;
				CLANG_WARN_UNGUARDED_AVAILABILITY = YES_AGGRESSIVE;
				CLANG_WARN_UNREACHABLE_CODE = YES;
				CLANG_WARN__DUPLICATE_METHOD_MATCH = YES;
				COPY_PHASE_STRIP = NO;
				DEBUG_INFORMATION_FORMAT = dwarf;
				ENABLE_STRICT_OBJC_MSGSEND = YES;
				ENABLE_TESTABILITY = YES;
				GCC_C_LANGUAGE_STANDARD = gnu11;
				GCC_DYNAMIC_NO_PIC = NO;
				GCC_NO_COMMON_BLOCKS = YES;
				GCC_OPTIMIZATION_LEVEL = 0;
				GCC_PREPROCESSOR_DEFINITIONS = (
					"DEBUG=1",
					"$(inherited)",
				);
				GCC_WARN_64_TO_32_BIT_CONVERSION = YES;
				GCC_WARN_ABOUT_RETURN_TYPE = YES_ERROR;
				GCC_WARN_UNDECLARED_SELECTOR = YES;
				GCC_WARN_UNINITIALIZED_AUTOS = YES_AGGRESSIVE;
				GCC_WARN_UNUSED_FUNCTION = YES;
				GCC_WARN_UNUSED_VARIABLE = YES;
				IPHONEOS_DEPLOYMENT_TARGET = 14.5;
				MTL_ENABLE_DEBUG_INFO = INCLUDE_SOURCE;
				MTL_FAST_MATH = YES;
				ONLY_ACTIVE_ARCH = YES;
				SDKROOT = iphoneos;
				SWIFT_ACTIVE_COMPILATION_CONDITIONS = DEBUG;
				SWIFT_OPTIMIZATION_LEVEL = "-Onone";
			};
			name = Debug;
		};
		F28CAD5E26840CFD00A5C0BA /* Release */ = {
			isa = XCBuildConfiguration;
			buildSettings = {
				ALWAYS_SEARCH_USER_PATHS = NO;
				CLANG_ANALYZER_NONNULL = YES;
				CLANG_ANALYZER_NUMBER_OBJECT_CONVERSION = YES_AGGRESSIVE;
				CLANG_CXX_LANGUAGE_STANDARD = "gnu++14";
				CLANG_CXX_LIBRARY = "libc++";
				CLANG_ENABLE_MODULES = YES;
				CLANG_ENABLE_OBJC_ARC = YES;
				CLANG_ENABLE_OBJC_WEAK = YES;
				CLANG_WARN_BLOCK_CAPTURE_AUTORELEASING = YES;
				CLANG_WARN_BOOL_CONVERSION = YES;
				CLANG_WARN_COMMA = YES;
				CLANG_WARN_CONSTANT_CONVERSION = YES;
				CLANG_WARN_DEPRECATED_OBJC_IMPLEMENTATIONS = YES;
				CLANG_WARN_DIRECT_OBJC_ISA_USAGE = YES_ERROR;
				CLANG_WARN_DOCUMENTATION_COMMENTS = YES;
				CLANG_WARN_EMPTY_BODY = YES;
				CLANG_WARN_ENUM_CONVERSION = YES;
				CLANG_WARN_INFINITE_RECURSION = YES;
				CLANG_WARN_INT_CONVERSION = YES;
				CLANG_WARN_NON_LITERAL_NULL_CONVERSION = YES;
				CLANG_WARN_OBJC_IMPLICIT_RETAIN_SELF = YES;
				CLANG_WARN_OBJC_LITERAL_CONVERSION = YES;
				CLANG_WARN_OBJC_ROOT_CLASS = YES_ERROR;
				CLANG_WARN_QUOTED_INCLUDE_IN_FRAMEWORK_HEADER = YES;
				CLANG_WARN_RANGE_LOOP_ANALYSIS = YES;
				CLANG_WARN_STRICT_PROTOTYPES = YES;
				CLANG_WARN_SUSPICIOUS_MOVE = YES;
				CLANG_WARN_UNGUARDED_AVAILABILITY = YES_AGGRESSIVE;
				CLANG_WARN_UNREACHABLE_CODE = YES;
				CLANG_WARN__DUPLICATE_METHOD_MATCH = YES;
				COPY_PHASE_STRIP = NO;
				DEBUG_INFORMATION_FORMAT = "dwarf-with-dsym";
				ENABLE_NS_ASSERTIONS = NO;
				ENABLE_STRICT_OBJC_MSGSEND = YES;
				GCC_C_LANGUAGE_STANDARD = gnu11;
				GCC_NO_COMMON_BLOCKS = YES;
				GCC_WARN_64_TO_32_BIT_CONVERSION = YES;
				GCC_WARN_ABOUT_RETURN_TYPE = YES_ERROR;
				GCC_WARN_UNDECLARED_SELECTOR = YES;
				GCC_WARN_UNINITIALIZED_AUTOS = YES_AGGRESSIVE;
				GCC_WARN_UNUSED_FUNCTION = YES;
				GCC_WARN_UNUSED_VARIABLE = YES;
				IPHONEOS_DEPLOYMENT_TARGET = 14.5;
				MTL_ENABLE_DEBUG_INFO = NO;
				MTL_FAST_MATH = YES;
				SDKROOT = iphoneos;
				SWIFT_COMPILATION_MODE = wholemodule;
				SWIFT_OPTIMIZATION_LEVEL = "-O";
				VALIDATE_PRODUCT = YES;
			};
			name = Release;
		};
		F28CAD6026840CFD00A5C0BA /* Debug */ = {
			isa = XCBuildConfiguration;
			buildSettings = {
				ASSETCATALOG_COMPILER_APPICON_NAME = AppIcon;
				ASSETCATALOG_COMPILER_GLOBAL_ACCENT_COLOR_NAME = AccentColor;
				CODE_SIGN_STYLE = Automatic;
				DEVELOPMENT_ASSET_PATHS = "\"MVVM_MTS/Preview Content\"";
				ENABLE_PREVIEWS = YES;
				FRAMEWORK_SEARCH_PATHS = (
					"$(inherited)",
					"$(PROJECT_DIR)/MVVM_MTS/Library/XingAPI/Simulator",
					"$(PROJECT_DIR)/MVVM_MTS/Library/XingAPI/iPhone",
				);
				INFOPLIST_FILE = MVVM_MTS/Info.plist;
				IPHONEOS_DEPLOYMENT_TARGET = 14.0;
				LD_RUNPATH_SEARCH_PATHS = (
					"$(inherited)",
					"@executable_path/Frameworks",
				);
				PRODUCT_BUNDLE_IDENTIFIER = "com.github.youngkwan-Ji.MVVM-MTS";
				PRODUCT_NAME = "$(TARGET_NAME)";
				SWIFT_VERSION = 5.0;
				TARGETED_DEVICE_FAMILY = "1,2";
			};
			name = Debug;
		};
		F28CAD6126840CFD00A5C0BA /* Release */ = {
			isa = XCBuildConfiguration;
			buildSettings = {
				ASSETCATALOG_COMPILER_APPICON_NAME = AppIcon;
				ASSETCATALOG_COMPILER_GLOBAL_ACCENT_COLOR_NAME = AccentColor;
				CODE_SIGN_STYLE = Automatic;
				DEVELOPMENT_ASSET_PATHS = "\"MVVM_MTS/Preview Content\"";
				ENABLE_PREVIEWS = YES;
				FRAMEWORK_SEARCH_PATHS = (
					"$(inherited)",
					"$(PROJECT_DIR)/MVVM_MTS/Library/XingAPI/Simulator",
					"$(PROJECT_DIR)/MVVM_MTS/Library/XingAPI/iPhone",
				);
				INFOPLIST_FILE = MVVM_MTS/Info.plist;
				IPHONEOS_DEPLOYMENT_TARGET = 14.0;
				LD_RUNPATH_SEARCH_PATHS = (
					"$(inherited)",
					"@executable_path/Frameworks",
				);
				PRODUCT_BUNDLE_IDENTIFIER = "com.github.youngkwan-Ji.MVVM-MTS";
				PRODUCT_NAME = "$(TARGET_NAME)";
				SWIFT_VERSION = 5.0;
				TARGETED_DEVICE_FAMILY = "1,2";
			};
			name = Release;
		};
/* End XCBuildConfiguration section */

/* Begin XCConfigurationList section */
		F28CAD4B26840CFC00A5C0BA /* Build configuration list for PBXProject "MVVM_MTS" */ = {
			isa = XCConfigurationList;
			buildConfigurations = (
				F28CAD5D26840CFD00A5C0BA /* Debug */,
				F28CAD5E26840CFD00A5C0BA /* Release */,
			);
			defaultConfigurationIsVisible = 0;
			defaultConfigurationName = Release;
		};
		F28CAD5F26840CFD00A5C0BA /* Build configuration list for PBXNativeTarget "MVVM_MTS" */ = {
			isa = XCConfigurationList;
			buildConfigurations = (
				F28CAD6026840CFD00A5C0BA /* Debug */,
				F28CAD6126840CFD00A5C0BA /* Release */,
			);
			defaultConfigurationIsVisible = 0;
			defaultConfigurationName = Release;
		};
/* End XCConfigurationList section */
	};
	rootObject = F28CAD4826840CFC00A5C0BA /* Project object */;
}
